
Microsoft Visual Studio Solution File, Format Version 12.00
# Visual Studio Version 16
VisualStudioVersion = 16.0.29905.134
MinimumVisualStudioVersion = 10.0.40219.1
Project("{FAE04EC0-301F-11D3-BF4B-00C04F79EFBC}") = "Demo", "Demo\Demo.csproj", "{BBE7DCB2-F059-44DD-AB69-11248229B9DC}"
EndProject
Global
	GlobalSection(SolutionConfigurationPlatforms) = preSolution
		Debug|Any CPU = Debug|Any CPU
		Release|Any CPU = Release|Any CPU
	EndGlobalSection
	GlobalSection(ProjectConfigurationPlatforms) = postSolution
		{BBE7DCB2-F059-44DD-AB69-11248229B9DC}.Debug|Any CPU.ActiveCfg = Debug|Any CPU
		{BBE7DCB2-F059-44DD-AB69-11248229B9DC}.Debug|Any CPU.Build.0 = Debug|Any CPU
		{BBE7DCB2-F059-44DD-AB69-11248229B9DC}.Release|Any CPU.ActiveCfg = Release|Any CPU
		{BBE7DCB2-F059-44DD-AB69-11248229B9DC}.Release|Any CPU.Build.0 = Release|Any CPU
	EndGlobalSection
	GlobalSection(SolutionProperties) = preSolution
		HideSolutionNode = FALSE
	EndGlobalSection
	GlobalSection(ExtensibilityGlobals) = postSolution
		SolutionGuid = {F7711039-606F-49C9-B496-1FF4EDF7CA57}
	EndGlobalSection
EndGlobal
